// !$*UTF8*$!
{
	archiveVersion = 1;
	classes = {
	};
	objectVersion = 77;
	objects = {

/* Begin PBXBuildFile section */
		5E5C1C782D45929900AE2744 /* README_arch.md in Resources */ = {isa = PBXBuildFile; fileRef = 5E5C1C772D45929900AE2744 /* README_arch.md */; };
		5E5C1C7C2D4595F100AE2744 /* README_featrues.md in Resources */ = {isa = PBXBuildFile; fileRef = 5E5C1C7B2D4595F100AE2744 /* README_featrues.md */; };
/* End PBXBuildFile section */

/* Begin PBXContainerItemProxy section */
		5E5C1C5B2D4584D300AE2744 /* PBXContainerItemProxy */ = {
			isa = PBXContainerItemProxy;
			containerPortal = 5E5C1C3F2D4584D100AE2744 /* Project object */;
			proxyType = 1;
			remoteGlobalIDString = 5E5C1C462D4584D100AE2744;
			remoteInfo = probase;
		};
		5E5C1C652D4584D300AE2744 /* PBXContainerItemProxy */ = {
			isa = PBXContainerItemProxy;
			containerPortal = 5E5C1C3F2D4584D100AE2744 /* Project object */;
			proxyType = 1;
			remoteGlobalIDString = 5E5C1C462D4584D100AE2744;
			remoteInfo = probase;
		};
/* End PBXContainerItemProxy section */

/* Begin PBXFileReference section */
		5E5C1C472D4584D100AE2744 /* probase.app */ = {isa = PBXFileReference; explicitFileType = wrapper.application; includeInIndex = 0; path = probase.app; sourceTree = BUILT_PRODUCTS_DIR; };
		5E5C1C5A2D4584D300AE2744 /* probaseTests.xctest */ = {isa = PBXFileReference; explicitFileType = wrapper.cfbundle; includeInIndex = 0; path = probaseTests.xctest; sourceTree = BUILT_PRODUCTS_DIR; };
		5E5C1C642D4584D300AE2744 /* probaseUITests.xctest */ = {isa = PBXFileReference; explicitFileType = wrapper.cfbundle; includeInIndex = 0; path = probaseUITests.xctest; sourceTree = BUILT_PRODUCTS_DIR; };
		5E5C1C772D45929900AE2744 /* README_arch.md */ = {isa = PBXFileReference; lastKnownFileType = net.daringfireball.markdown; path = README_arch.md; sourceTree = "<group>"; };
		5E5C1C7B2D4595F100AE2744 /* README_featrues.md */ = {isa = PBXFileReference; lastKnownFileType = net.daringfireball.markdown; path = README_featrues.md; sourceTree = "<group>"; };
/* End PBXFileReference section */

/* Begin PBXFileSystemSynchronizedRootGroup section */
		5E5C1C492D4584D100AE2744 /* probase */ = {
			isa = PBXFileSystemSynchronizedRootGroup;
			path = probase;
			sourceTree = "<group>";
		};
		5E5C1C5D2D4584D300AE2744 /* probaseTests */ = {
			isa = PBXFileSystemSynchronizedRootGroup;
			path = probaseTests;
			sourceTree = "<group>";
		};
		5E5C1C672D4584D300AE2744 /* probaseUITests */ = {
			isa = PBXFileSystemSynchronizedRootGroup;
			path = probaseUITests;
			sourceTree = "<group>";
		};
/* End PBXFileSystemSynchronizedRootGroup section */

/* Begin PBXFrameworksBuildPhase section */
		5E5C1C442D4584D100AE2744 /* Frameworks */ = {
			isa = PBXFrameworksBuildPhase;
			buildActionMask = 2147483647;
			files = (
			);
			runOnlyForDeploymentPostprocessing = 0;
		};
		5E5C1C572D4584D300AE2744 /* Frameworks */ = {
			isa = PBXFrameworksBuildPhase;
			buildActionMask = 2147483647;
			files = (
			);
			runOnlyForDeploymentPostprocessing = 0;
		};
		5E5C1C612D4584D300AE2744 /* Frameworks */ = {
			isa = PBXFrameworksBuildPhase;
			buildActionMask = 2147483647;
			files = (
			);
			runOnlyForDeploymentPostprocessing = 0;
		};
/* End PBXFrameworksBuildPhase section */

/* Begin PBXGroup section */
		5E5C1C3E2D4584D100AE2744 = {
			isa = PBXGroup;
			children = (
				5E5C1C7B2D4595F100AE2744 /* README_featrues.md */,
				5E5C1C492D4584D100AE2744 /* probase */,
				5E5C1C5D2D4584D300AE2744 /* probaseTests */,
				5E5C1C672D4584D300AE2744 /* probaseUITests */,
				5E5C1C772D45929900AE2744 /* README_arch.md */,
				5E5C1C482D4584D100AE2744 /* Products */,
			);
			sourceTree = "<group>";
		};
		5E5C1C482D4584D100AE2744 /* Products */ = {
			isa = PBXGroup;
			children = (
				5E5C1C472D4584D100AE2744 /* probase.app */,
				5E5C1C5A2D4584D300AE2744 /* probaseTests.xctest */,
				5E5C1C642D4584D300AE2744 /* probaseUITests.xctest */,
			);
			name = Products;
			sourceTree = "<group>";
		};
/* End PBXGroup section */

/* Begin PBXNativeTarget section */
		5E5C1C462D4584D100AE2744 /* probase */ = {
			isa = PBXNativeTarget;
			buildConfigurationList = 5E5C1C6E2D4584D300AE2744 /* Build configuration list for PBXNativeTarget "probase" */;
			buildPhases = (
				5E5C1C432D4584D100AE2744 /* Sources */,
				5E5C1C442D4584D100AE2744 /* Frameworks */,
				5E5C1C452D4584D100AE2744 /* Resources */,
			);
			buildRules = (
			);
			dependencies = (
			);
			fileSystemSynchronizedGroups = (
				5E5C1C492D4584D100AE2744 /* probase */,
			);
			name = probase;
			packageProductDependencies = (
			);
			productName = probase;
			productReference = 5E5C1C472D4584D100AE2744 /* probase.app */;
			productType = "com.apple.product-type.application";
		};
		5E5C1C592D4584D300AE2744 /* probaseTests */ = {
			isa = PBXNativeTarget;
			buildConfigurationList = 5E5C1C712D4584D300AE2744 /* Build configuration list for PBXNativeTarget "probaseTests" */;
			buildPhases = (
				5E5C1C562D4584D300AE2744 /* Sources */,
				5E5C1C572D4584D300AE2744 /* Frameworks */,
				5E5C1C582D4584D300AE2744 /* Resources */,
			);
			buildRules = (
			);
			dependencies = (
				5E5C1C5C2D4584D300AE2744 /* PBXTargetDependency */,
			);
			fileSystemSynchronizedGroups = (
				5E5C1C5D2D4584D300AE2744 /* probaseTests */,
			);
			name = probaseTests;
			packageProductDependencies = (
			);
			productName = probaseTests;
			productReference = 5E5C1C5A2D4584D300AE2744 /* probaseTests.xctest */;
			productType = "com.apple.product-type.bundle.unit-test";
		};
		5E5C1C632D4584D300AE2744 /* probaseUITests */ = {
			isa = PBXNativeTarget;
			buildConfigurationList = 5E5C1C742D4584D300AE2744 /* Build configuration list for PBXNativeTarget "probaseUITests" */;
			buildPhases = (
				5E5C1C602D4584D300AE2744 /* Sources */,
				5E5C1C612D4584D300AE2744 /* Frameworks */,
				5E5C1C622D4584D300AE2744 /* Resources */,
			);
			buildRules = (
			);
			dependencies = (
				5E5C1C662D4584D300AE2744 /* PBXTargetDependency */,
			);
			fileSystemSynchronizedGroups = (
				5E5C1C672D4584D300AE2744 /* probaseUITests */,
			);
			name = probaseUITests;
			packageProductDependencies = (
			);
			productName = probaseUITests;
			productReference = 5E5C1C642D4584D300AE2744 /* probaseUITests.xctest */;
			productType = "com.apple.product-type.bundle.ui-testing";
		};
/* End PBXNativeTarget section */

/* Begin PBXProject section */
		5E5C1C3F2D4584D100AE2744 /* Project object */ = {
			isa = PBXProject;
			attributes = {
				BuildIndependentTargetsInParallel = 1;
				LastSwiftUpdateCheck = 1620;
				LastUpgradeCheck = 1620;
				TargetAttributes = {
					5E5C1C462D4584D100AE2744 = {
						CreatedOnToolsVersion = 16.2;
					};
					5E5C1C592D4584D300AE2744 = {
						CreatedOnToolsVersion = 16.2;
						TestTargetID = 5E5C1C462D4584D100AE2744;
					};
					5E5C1C632D4584D300AE2744 = {
						CreatedOnToolsVersion = 16.2;
						TestTargetID = 5E5C1C462D4584D100AE2744;
					};
				};
			};
			buildConfigurationList = 5E5C1C422D4584D100AE2744 /* Build configuration list for PBXProject "probase" */;
			developmentRegion = en;
			hasScannedForEncodings = 0;
			knownRegions = (
				en,
				Base,
			);
			mainGroup = 5E5C1C3E2D4584D100AE2744;
			minimizedProjectReferenceProxies = 1;
			preferredProjectObjectVersion = 77;
			productRefGroup = 5E5C1C482D4584D100AE2744 /* Products */;
			projectDirPath = "";
			projectRoot = "";
			targets = (
				5E5C1C462D4584D100AE2744 /* probase */,
				5E5C1C592D4584D300AE2744 /* probaseTests */,
				5E5C1C632D4584D300AE2744 /* probaseUITests */,
			);
		};
/* End PBXProject section */

/* Begin PBXResourcesBuildPhase section */
		5E5C1C452D4584D100AE2744 /* Resources */ = {
			isa = PBXResourcesBuildPhase;
			buildActionMask = 2147483647;
			files = (
				5E5C1C7C2D4595F100AE2744 /* README_featrues.md in Resources */,
				5E5C1C782D45929900AE2744 /* README_arch.md in Resources */,
			);
			runOnlyForDeploymentPostprocessing = 0;
		};
		5E5C1C582D4584D300AE2744 /* Resources */ = {
			isa = PBXResourcesBuildPhase;
			buildActionMask = 2147483647;
			files = (
			);
			runOnlyForDeploymentPostprocessing = 0;
		};
		5E5C1C622D4584D300AE2744 /* Resources */ = {
			isa = PBXResourcesBuildPhase;
			buildActionMask = 2147483647;
			files = (
			);
			runOnlyForDeploymentPostprocessing = 0;
		};
/* End PBXResourcesBuildPhase section */

/* Begin PBXSourcesBuildPhase section */
		5E5C1C432D4584D100AE2744 /* Sources */ = {
			isa = PBXSourcesBuildPhase;
			buildActionMask = 2147483647;
			files = (
			);
			runOnlyForDeploymentPostprocessing = 0;
		};
		5E5C1C562D4584D300AE2744 /* Sources */ = {
			isa = PBXSourcesBuildPhase;
			buildActionMask = 2147483647;
			files = (
			);
			runOnlyForDeploymentPostprocessing = 0;
		};
		5E5C1C602D4584D300AE2744 /* Sources */ = {
			isa = PBXSourcesBuildPhase;
			buildActionMask = 2147483647;
			files = (
			);
			runOnlyForDeploymentPostprocessing = 0;
		};
/* End PBXSourcesBuildPhase section */

/* Begin PBXTargetDependency section */
		5E5C1C5C2D4584D300AE2744 /* PBXTargetDependency */ = {
			isa = PBXTargetDependency;
			target = 5E5C1C462D4584D100AE2744 /* probase */;
			targetProxy = 5E5C1C5B2D4584D300AE2744 /* PBXContainerItemProxy */;
		};
		5E5C1C662D4584D300AE2744 /* PBXTargetDependency */ = {
			isa = PBXTargetDependency;
			target = 5E5C1C462D4584D100AE2744 /* probase */;
			targetProxy = 5E5C1C652D4584D300AE2744 /* PBXContainerItemProxy */;
		};
/* End PBXTargetDependency section */

/* Begin XCBuildConfiguration section */
		5E5C1C6C2D4584D300AE2744 /* Debug */ = {
			isa = XCBuildConfiguration;
			buildSettings = {
				ALWAYS_SEARCH_USER_PATHS = NO;
				ASSETCATALOG_COMPILER_GENERATE_SWIFT_ASSET_SYMBOL_EXTENSIONS = YES;
				CLANG_ANALYZER_NONNULL = YES;
				CLANG_ANALYZER_NUMBER_OBJECT_CONVERSION = YES_AGGRESSIVE;
				CLANG_CXX_LANGUAGE_STANDARD = "gnu++20";
				CLANG_ENABLE_MODULES = YES;
				CLANG_ENABLE_OBJC_ARC = YES;
				CLANG_ENABLE_OBJC_WEAK = YES;
				CLANG_WARN_BLOCK_CAPTURE_AUTORELEASING = YES;
				CLANG_WARN_BOOL_CONVERSION = YES;
				CLANG_WARN_COMMA = YES;
				CLANG_WARN_CONSTANT_CONVERSION = YES;
				CLANG_WARN_DEPRECATED_OBJC_IMPLEMENTATIONS = YES;
				CLANG_WARN_DIRECT_OBJC_ISA_USAGE = YES_ERROR;
				CLANG_WARN_DOCUMENTATION_COMMENTS = YES;
				CLANG_WARN_EMPTY_BODY = YES;
				CLANG_WARN_ENUM_CONVERSION = YES;
				CLANG_WARN_INFINITE_RECURSION = YES;
				CLANG_WARN_INT_CONVERSION = YES;
				CLANG_WARN_NON_LITERAL_NULL_CONVERSION = YES;
				CLANG_WARN_OBJC_IMPLICIT_RETAIN_SELF = YES;
				CLANG_WARN_OBJC_LITERAL_CONVERSION = YES;
				CLANG_WARN_OBJC_ROOT_CLASS = YES_ERROR;
				CLANG_WARN_QUOTED_INCLUDE_IN_FRAMEWORK_HEADER = YES;
				CLANG_WARN_RANGE_LOOP_ANALYSIS = YES;
				CLANG_WARN_STRICT_PROTOTYPES = YES;
				CLANG_WARN_SUSPICIOUS_MOVE = YES;
				CLANG_WARN_UNGUARDED_AVAILABILITY = YES_AGGRESSIVE;
				CLANG_WARN_UNREACHABLE_CODE = YES;
				CLANG_WARN__DUPLICATE_METHOD_MATCH = YES;
				COPY_PHASE_STRIP = NO;
				DEBUG_INFORMATION_FORMAT = dwarf;
				ENABLE_STRICT_OBJC_MSGSEND = YES;
				ENABLE_TESTABILITY = YES;
				ENABLE_USER_SCRIPT_SANDBOXING = YES;
				GCC_C_LANGUAGE_STANDARD = gnu17;
				GCC_DYNAMIC_NO_PIC = NO;
				GCC_NO_COMMON_BLOCKS = YES;
				GCC_OPTIMIZATION_LEVEL = 0;
				GCC_PREPROCESSOR_DEFINITIONS = (
					"DEBUG=1",
					"$(inherited)",
				);
				GCC_WARN_64_TO_32_BIT_CONVERSION = YES;
				GCC_WARN_ABOUT_RETURN_TYPE = YES_ERROR;
				GCC_WARN_UNDECLARED_SELECTOR = YES;
				GCC_WARN_UNINITIALIZED_AUTOS = YES_AGGRESSIVE;
				GCC_WARN_UNUSED_FUNCTION = YES;
				GCC_WARN_UNUSED_VARIABLE = YES;
				LOCALIZATION_PREFERS_STRING_CATALOGS = YES;
				MTL_ENABLE_DEBUG_INFO = INCLUDE_SOURCE;
				MTL_FAST_MATH = YES;
				ONLY_ACTIVE_ARCH = YES;
				SWIFT_ACTIVE_COMPILATION_CONDITIONS = "DEBUG $(inherited)";
				SWIFT_OPTIMIZATION_LEVEL = "-Onone";
			};
			name = Debug;
		};
		5E5C1C6D2D4584D300AE2744 /* Release */ = {
			isa = XCBuildConfiguration;
			buildSettings = {
				ALWAYS_SEARCH_USER_PATHS = NO;
				ASSETCATALOG_COMPILER_GENERATE_SWIFT_ASSET_SYMBOL_EXTENSIONS = YES;
				CLANG_ANALYZER_NONNULL = YES;
				CLANG_ANALYZER_NUMBER_OBJECT_CONVERSION = YES_AGGRESSIVE;
				CLANG_CXX_LANGUAGE_STANDARD = "gnu++20";
				CLANG_ENABLE_MODULES = YES;
				CLANG_ENABLE_OBJC_ARC = YES;
				CLANG_ENABLE_OBJC_WEAK = YES;
				CLANG_WARN_BLOCK_CAPTURE_AUTORELEASING = YES;
				CLANG_WARN_BOOL_CONVERSION = YES;
				CLANG_WARN_COMMA = YES;
				CLANG_WARN_CONSTANT_CONVERSION = YES;
				CLANG_WARN_DEPRECATED_OBJC_IMPLEMENTATIONS = YES;
				CLANG_WARN_DIRECT_OBJC_ISA_USAGE = YES_ERROR;
				CLANG_WARN_DOCUMENTATION_COMMENTS = YES;
				CLANG_WARN_EMPTY_BODY = YES;
				CLANG_WARN_ENUM_CONVERSION = YES;
				CLANG_WARN_INFINITE_RECURSION = YES;
				CLANG_WARN_INT_CONVERSION = YES;
				CLANG_WARN_NON_LITERAL_NULL_CONVERSION = YES;
				CLANG_WARN_OBJC_IMPLICIT_RETAIN_SELF = YES;
				CLANG_WARN_OBJC_LITERAL_CONVERSION = YES;
				CLANG_WARN_OBJC_ROOT_CLASS = YES_ERROR;
				CLANG_WARN_QUOTED_INCLUDE_IN_FRAMEWORK_HEADER = YES;
				CLANG_WARN_RANGE_LOOP_ANALYSIS = YES;
				CLANG_WARN_STRICT_PROTOTYPES = YES;
				CLANG_WARN_SUSPICIOUS_MOVE = YES;
				CLANG_WARN_UNGUARDED_AVAILABILITY = YES_AGGRESSIVE;
				CLANG_WARN_UNREACHABLE_CODE = YES;
				CLANG_WARN__DUPLICATE_METHOD_MATCH = YES;
				COPY_PHASE_STRIP = NO;
				DEBUG_INFORMATION_FORMAT = "dwarf-with-dsym";
				ENABLE_NS_ASSERTIONS = NO;
				ENABLE_STRICT_OBJC_MSGSEND = YES;
				ENABLE_USER_SCRIPT_SANDBOXING = YES;
				GCC_C_LANGUAGE_STANDARD = gnu17;
				GCC_NO_COMMON_BLOCKS = YES;
				GCC_WARN_64_TO_32_BIT_CONVERSION = YES;
				GCC_WARN_ABOUT_RETURN_TYPE = YES_ERROR;
				GCC_WARN_UNDECLARED_SELECTOR = YES;
				GCC_WARN_UNINITIALIZED_AUTOS = YES_AGGRESSIVE;
				GCC_WARN_UNUSED_FUNCTION = YES;
				GCC_WARN_UNUSED_VARIABLE = YES;
				LOCALIZATION_PREFERS_STRING_CATALOGS = YES;
				MTL_ENABLE_DEBUG_INFO = NO;
				MTL_FAST_MATH = YES;
				SWIFT_COMPILATION_MODE = wholemodule;
			};
			name = Release;
		};
		5E5C1C6F2D4584D300AE2744 /* Debug */ = {
			isa = XCBuildConfiguration;
			buildSettings = {
				ASSETCATALOG_COMPILER_APPICON_NAME = AppIcon;
				ASSETCATALOG_COMPILER_GLOBAL_ACCENT_COLOR_NAME = AccentColor;
				CODE_SIGN_ENTITLEMENTS = probase/probase.entitlements;
				CODE_SIGN_STYLE = Automatic;
				CURRENT_PROJECT_VERSION = 1;
				DEVELOPMENT_ASSET_PATHS = "\"probase/Preview Content\"";
				DEVELOPMENT_TEAM = 3F6FBJA4J7;
				ENABLE_HARDENED_RUNTIME = YES;
				ENABLE_PREVIEWS = YES;
				GENERATE_INFOPLIST_FILE = YES;
				"INFOPLIST_KEY_UIApplicationSceneManifest_Generation[sdk=iphoneos*]" = YES;
				"INFOPLIST_KEY_UIApplicationSceneManifest_Generation[sdk=iphonesimulator*]" = YES;
				"INFOPLIST_KEY_UIApplicationSupportsIndirectInputEvents[sdk=iphoneos*]" = YES;
				"INFOPLIST_KEY_UIApplicationSupportsIndirectInputEvents[sdk=iphonesimulator*]" = YES;
				"INFOPLIST_KEY_UILaunchScreen_Generation[sdk=iphoneos*]" = YES;
				"INFOPLIST_KEY_UILaunchScreen_Generation[sdk=iphonesimulator*]" = YES;
				"INFOPLIST_KEY_UIStatusBarStyle[sdk=iphoneos*]" = UIStatusBarStyleDefault;
				"INFOPLIST_KEY_UIStatusBarStyle[sdk=iphonesimulator*]" = UIStatusBarStyleDefault;
				INFOPLIST_KEY_UISupportedInterfaceOrientations_iPad = "UIInterfaceOrientationPortrait UIInterfaceOrientationPortraitUpsideDown UIInterfaceOrientationLandscapeLeft UIInterfaceOrientationLandscapeRight";
				INFOPLIST_KEY_UISupportedInterfaceOrientations_iPhone = "UIInterfaceOrientationPortrait UIInterfaceOrientationLandscapeLeft UIInterfaceOrientationLandscapeRight";
				IPHONEOS_DEPLOYMENT_TARGET = 18.2;
				LD_RUNPATH_SEARCH_PATHS = "@executable_path/Frameworks";
				"LD_RUNPATH_SEARCH_PATHS[sdk=macosx*]" = "@executable_path/../Frameworks";
				MACOSX_DEPLOYMENT_TARGET = 14.0;
				MARKETING_VERSION = 1.0;
				PRODUCT_BUNDLE_IDENTIFIER = com.ylabz.probase;
				PRODUCT_NAME = "$(TARGET_NAME)";
				SDKROOT = auto;
				SUPPORTED_PLATFORMS = "iphoneos iphonesimulator macosx xros xrsimulator";
				SWIFT_EMIT_LOC_STRINGS = YES;
				SWIFT_VERSION = 5.0;
				TARGETED_DEVICE_FAMILY = "1,2,7";
				XROS_DEPLOYMENT_TARGET = 2.2;
			};
			name = Debug;
		};
		5E5C1C702D4584D300AE2744 /* Release */ = {
			isa = XCBuildConfiguration;
			buildSettings = {
				ASSETCATALOG_COMPILER_APPICON_NAME = AppIcon;
				ASSETCATALOG_COMPILER_GLOBAL_ACCENT_COLOR_NAME = AccentColor;
				CODE_SIGN_ENTITLEMENTS = probase/probase.entitlements;
				CODE_SIGN_STYLE = Automatic;
				CURRENT_PROJECT_VERSION = 1;
				DEVELOPMENT_ASSET_PATHS = "\"probase/Preview Content\"";
				DEVELOPMENT_TEAM = 3F6FBJA4J7;
				ENABLE_HARDENED_RUNTIME = YES;
				ENABLE_PREVIEWS = YES;
				GENERATE_INFOPLIST_FILE = YES;
				"INFOPLIST_KEY_UIApplicationSceneManifest_Generation[sdk=iphoneos*]" = YES;
				"INFOPLIST_KEY_UIApplicationSceneManifest_Generation[sdk=iphonesimulator*]" = YES;
				"INFOPLIST_KEY_UIApplicationSupportsIndirectInputEvents[sdk=iphoneos*]" = YES;
				"INFOPLIST_KEY_UIApplicationSupportsIndirectInputEvents[sdk=iphonesimulator*]" = YES;
				"INFOPLIST_KEY_UILaunchScreen_Generation[sdk=iphoneos*]" = YES;
				"INFOPLIST_KEY_UILaunchScreen_Generation[sdk=iphonesimulator*]" = YES;
				"INFOPLIST_KEY_UIStatusBarStyle[sdk=iphoneos*]" = UIStatusBarStyleDefault;
				"INFOPLIST_KEY_UIStatusBarStyle[sdk=iphonesimulator*]" = UIStatusBarStyleDefault;
				INFOPLIST_KEY_UISupportedInterfaceOrientations_iPad = "UIInterfaceOrientationPortrait UIInterfaceOrientationPortraitUpsideDown UIInterfaceOrientationLandscapeLeft UIInterfaceOrientationLandscapeRight";
				INFOPLIST_KEY_UISupportedInterfaceOrientations_iPhone = "UIInterfaceOrientationPortrait UIInterfaceOrientationLandscapeLeft UIInterfaceOrientationLandscapeRight";
				IPHONEOS_DEPLOYMENT_TARGET = 18.2;
				LD_RUNPATH_SEARCH_PATHS = "@executable_path/Frameworks";
				"LD_RUNPATH_SEARCH_PATHS[sdk=macosx*]" = "@executable_path/../Frameworks";
				MACOSX_DEPLOYMENT_TARGET = 14.0;
				MARKETING_VERSION = 1.0;
				PRODUCT_BUNDLE_IDENTIFIER = com.ylabz.probase;
				PRODUCT_NAME = "$(TARGET_NAME)";
				SDKROOT = auto;
				SUPPORTED_PLATFORMS = "iphoneos iphonesimulator macosx xros xrsimulator";
				SWIFT_EMIT_LOC_STRINGS = YES;
				SWIFT_VERSION = 5.0;
				TARGETED_DEVICE_FAMILY = "1,2,7";
				XROS_DEPLOYMENT_TARGET = 2.2;
			};
			name = Release;
		};
		5E5C1C722D4584D300AE2744 /* Debug */ = {
			isa = XCBuildConfiguration;
			buildSettings = {
				BUNDLE_LOADER = "$(TEST_HOST)";
				CODE_SIGN_STYLE = Automatic;
				CURRENT_PROJECT_VERSION = 1;
				DEVELOPMENT_TEAM = 3F6FBJA4J7;
				GENERATE_INFOPLIST_FILE = YES;
				IPHONEOS_DEPLOYMENT_TARGET = 18.2;
				MACOSX_DEPLOYMENT_TARGET = 15.2;
				MARKETING_VERSION = 1.0;
				PRODUCT_BUNDLE_IDENTIFIER = com.ylabz.probaseTests;
				PRODUCT_NAME = "$(TARGET_NAME)";
				SDKROOT = auto;
				SUPPORTED_PLATFORMS = "iphoneos iphonesimulator macosx xros xrsimulator";
				SWIFT_EMIT_LOC_STRINGS = NO;
				SWIFT_VERSION = 5.0;
				TARGETED_DEVICE_FAMILY = "1,2,7";
				TEST_HOST = "$(BUILT_PRODUCTS_DIR)/probase.app/$(BUNDLE_EXECUTABLE_FOLDER_PATH)/probase";
				XROS_DEPLOYMENT_TARGET = 2.2;
			};
			name = Debug;
		};
		5E5C1C732D4584D300AE2744 /* Release */ = {
			isa = XCBuildConfiguration;
			buildSettings = {
				BUNDLE_LOADER = "$(TEST_HOST)";
				CODE_SIGN_STYLE = Automatic;
				CURRENT_PROJECT_VERSION = 1;
				DEVELOPMENT_TEAM = 3F6FBJA4J7;
				GENERATE_INFOPLIST_FILE = YES;
				IPHONEOS_DEPLOYMENT_TARGET = 18.2;
				MACOSX_DEPLOYMENT_TARGET = 15.2;
				MARKETING_VERSION = 1.0;
				PRODUCT_BUNDLE_IDENTIFIER = com.ylabz.probaseTests;
				PRODUCT_NAME = "$(TARGET_NAME)";
				SDKROOT = auto;
				SUPPORTED_PLATFORMS = "iphoneos iphonesimulator macosx xros xrsimulator";
				SWIFT_EMIT_LOC_STRINGS = NO;
				SWIFT_VERSION = 5.0;
				TARGETED_DEVICE_FAMILY = "1,2,7";
				TEST_HOST = "$(BUILT_PRODUCTS_DIR)/probase.app/$(BUNDLE_EXECUTABLE_FOLDER_PATH)/probase";
				XROS_DEPLOYMENT_TARGET = 2.2;
			};
			name = Release;
		};
		5E5C1C752D4584D300AE2744 /* Debug */ = {
			isa = XCBuildConfiguration;
			buildSettings = {
				CODE_SIGN_STYLE = Automatic;
				CURRENT_PROJECT_VERSION = 1;
				DEVELOPMENT_TEAM = 3F6FBJA4J7;
				GENERATE_INFOPLIST_FILE = YES;
				IPHONEOS_DEPLOYMENT_TARGET = 18.2;
				MACOSX_DEPLOYMENT_TARGET = 15.2;
				MARKETING_VERSION = 1.0;
				PRODUCT_BUNDLE_IDENTIFIER = com.ylabz.probaseUITests;
				PRODUCT_NAME = "$(TARGET_NAME)";
				SDKROOT = auto;
				SUPPORTED_PLATFORMS = "iphoneos iphonesimulator macosx xros xrsimulator";
				SWIFT_EMIT_LOC_STRINGS = NO;
				SWIFT_VERSION = 5.0;
				TARGETED_DEVICE_FAMILY = "1,2,7";
				TEST_TARGET_NAME = probase;
				XROS_DEPLOYMENT_TARGET = 2.2;
			};
			name = Debug;
		};
		5E5C1C762D4584D300AE2744 /* Release */ = {
			isa = XCBuildConfiguration;
			buildSettings = {
				CODE_SIGN_STYLE = Automatic;
				CURRENT_PROJECT_VERSION = 1;
				DEVELOPMENT_TEAM = 3F6FBJA4J7;
				GENERATE_INFOPLIST_FILE = YES;
				IPHONEOS_DEPLOYMENT_TARGET = 18.2;
				MACOSX_DEPLOYMENT_TARGET = 15.2;
				MARKETING_VERSION = 1.0;
				PRODUCT_BUNDLE_IDENTIFIER = com.ylabz.probaseUITests;
				PRODUCT_NAME = "$(TARGET_NAME)";
				SDKROOT = auto;
				SUPPORTED_PLATFORMS = "iphoneos iphonesimulator macosx xros xrsimulator";
				SWIFT_EMIT_LOC_STRINGS = NO;
				SWIFT_VERSION = 5.0;
				TARGETED_DEVICE_FAMILY = "1,2,7";
				TEST_TARGET_NAME = probase;
				XROS_DEPLOYMENT_TARGET = 2.2;
			};
			name = Release;
		};
/* End XCBuildConfiguration section */

/* Begin XCConfigurationList section */
		5E5C1C422D4584D100AE2744 /* Build configuration list for PBXProject "probase" */ = {
			isa = XCConfigurationList;
			buildConfigurations = (
				5E5C1C6C2D4584D300AE2744 /* Debug */,
				5E5C1C6D2D4584D300AE2744 /* Release */,
			);
			defaultConfigurationIsVisible = 0;
			defaultConfigurationName = Release;
		};
		5E5C1C6E2D4584D300AE2744 /* Build configuration list for PBXNativeTarget "probase" */ = {
			isa = XCConfigurationList;
			buildConfigurations = (
				5E5C1C6F2D4584D300AE2744 /* Debug */,
				5E5C1C702D4584D300AE2744 /* Release */,
			);
			defaultConfigurationIsVisible = 0;
			defaultConfigurationName = Release;
		};
		5E5C1C712D4584D300AE2744 /* Build configuration list for PBXNativeTarget "probaseTests" */ = {
			isa = XCConfigurationList;
			buildConfigurations = (
				5E5C1C722D4584D300AE2744 /* Debug */,
				5E5C1C732D4584D300AE2744 /* Release */,
			);
			defaultConfigurationIsVisible = 0;
			defaultConfigurationName = Release;
		};
		5E5C1C742D4584D300AE2744 /* Build configuration list for PBXNativeTarget "probaseUITests" */ = {
			isa = XCConfigurationList;
			buildConfigurations = (
				5E5C1C752D4584D300AE2744 /* Debug */,
				5E5C1C762D4584D300AE2744 /* Release */,
			);
			defaultConfigurationIsVisible = 0;
			defaultConfigurationName = Release;
		};
/* End XCConfigurationList section */
	};
	rootObject = 5E5C1C3F2D4584D100AE2744 /* Project object */;
}
